
Microsoft Visual Studio Solution File, Format Version 12.00
# Visual Studio Version 17
VisualStudioVersion = 17.0.31606.5
MinimumVisualStudioVersion = 10.0.40219.1
Project("{9A19103F-16F7-4668-BE54-9A1E7A4F7556}") = "NovaEngine", "NovaEngine\NovaEngine.csproj", "{C218B284-18B4-4000-9B3D-30AE21DB1981}"
EndProject
Project("{2150E333-8FDC-42A3-9474-1A3956D46DE8}") = "Platforms", "Platforms", "{892C2AD6-81E2-4427-A6AA-30763A5562C9}"
EndProject
Project("{9A19103F-16F7-4668-BE54-9A1E7A4F7556}") = "NovaEngine.Platform.Windows", "NovaEngine.Platform.Windows\NovaEngine.Platform.Windows.csproj", "{3BCFDBBA-1024-4085-9CA7-6C22F72D9897}"
EndProject
Project("{2150E333-8FDC-42A3-9474-1A3956D46DE8}") = "Renderers", "Renderers", "{44C1471E-EC53-4AA3-B48C-B1B258FD63E4}"
EndProject
Project("{9A19103F-16F7-4668-BE54-9A1E7A4F7556}") = "NovaEngine.Renderer.Vulkan", "NovaEngine.Renderer.Vulkan\NovaEngine.Renderer.Vulkan.csproj", "{7FF94E8D-3C82-466A-B87E-CA60C515B4C4}"
EndProject
Project("{9A19103F-16F7-4668-BE54-9A1E7A4F7556}") = "NovaEngine.Tests", "NovaEngine.Tests\NovaEngine.Tests.csproj", "{74CF1B79-4C8F-4A81-9BE2-17A5F914AC85}"
EndProject
Project("{2150E333-8FDC-42A3-9474-1A3956D46DE8}") = "InputHandlers", "InputHandlers", "{F701256F-3A98-40E8-AB55-ACE2CD370D1B}"
EndProject
Project("{9A19103F-16F7-4668-BE54-9A1E7A4F7556}") = "NovaEngine.InputHandler.RawWindows", "NovaEngine.InputHandler.RawWindows\NovaEngine.InputHandler.RawWindows.csproj", "{F6901FE1-99C4-4894-B614-15AF9C98C1B8}"
EndProject
Project("{2150E333-8FDC-42A3-9474-1A3956D46DE8}") = "Common", "Common", "{2C16C474-32CE-45E5-A7B8-2DF27B01B0BE}"
EndProject
Project("{9A19103F-16F7-4668-BE54-9A1E7A4F7556}") = "NovaEngine.Common.Windows", "NovaEngine.Common.Windows\NovaEngine.Common.Windows.csproj", "{AEB9737B-FA24-46A7-9F9B-4DA513774D14}"
EndProject
Project("{2150E333-8FDC-42A3-9474-1A3956D46DE8}") = "Solution Items", "Solution Items", "{FA6E080C-A9E6-46FB-8A16-155512547FDA}"
	ProjectSection(SolutionItems) = preProject
		.editorconfig = .editorconfig
		CODING-STYLE.md = CODING-STYLE.md
		Directory.AfterTargetFrameworkInference.targets = Directory.AfterTargetFrameworkInference.targets
		Directory.Build.props = Directory.Build.props
		README.md = README.md
	EndProjectSection
EndProject
Project("{9A19103F-16F7-4668-BE54-9A1E7A4F7556}") = "NovaEditor", "NovaEditor\NovaEditor.csproj", "{8354058A-F23E-4385-9675-818F5DBE8A47}"
EndProject
Global
	GlobalSection(SolutionConfigurationPlatforms) = preSolution
		Debug|Any CPU = Debug|Any CPU
		Release|Any CPU = Release|Any CPU
	EndGlobalSection
	GlobalSection(ProjectConfigurationPlatforms) = postSolution
		{C218B284-18B4-4000-9B3D-30AE21DB1981}.Debug|Any CPU.ActiveCfg = Debug|Any CPU
		{C218B284-18B4-4000-9B3D-30AE21DB1981}.Debug|Any CPU.Build.0 = Debug|Any CPU
		{C218B284-18B4-4000-9B3D-30AE21DB1981}.Release|Any CPU.ActiveCfg = Release|Any CPU
		{C218B284-18B4-4000-9B3D-30AE21DB1981}.Release|Any CPU.Build.0 = Release|Any CPU
		{3BCFDBBA-1024-4085-9CA7-6C22F72D9897}.Debug|Any CPU.ActiveCfg = Debug|Any CPU
		{3BCFDBBA-1024-4085-9CA7-6C22F72D9897}.Debug|Any CPU.Build.0 = Debug|Any CPU
		{3BCFDBBA-1024-4085-9CA7-6C22F72D9897}.Release|Any CPU.ActiveCfg = Release|Any CPU
		{3BCFDBBA-1024-4085-9CA7-6C22F72D9897}.Release|Any CPU.Build.0 = Release|Any CPU
		{7FF94E8D-3C82-466A-B87E-CA60C515B4C4}.Debug|Any CPU.ActiveCfg = Debug|Any CPU
		{7FF94E8D-3C82-466A-B87E-CA60C515B4C4}.Debug|Any CPU.Build.0 = Debug|Any CPU
		{7FF94E8D-3C82-466A-B87E-CA60C515B4C4}.Release|Any CPU.ActiveCfg = Release|Any CPU
		{7FF94E8D-3C82-466A-B87E-CA60C515B4C4}.Release|Any CPU.Build.0 = Release|Any CPU
		{74CF1B79-4C8F-4A81-9BE2-17A5F914AC85}.Debug|Any CPU.ActiveCfg = Debug|Any CPU
		{74CF1B79-4C8F-4A81-9BE2-17A5F914AC85}.Debug|Any CPU.Build.0 = Debug|Any CPU
		{74CF1B79-4C8F-4A81-9BE2-17A5F914AC85}.Release|Any CPU.ActiveCfg = Release|Any CPU
		{74CF1B79-4C8F-4A81-9BE2-17A5F914AC85}.Release|Any CPU.Build.0 = Release|Any CPU
		{F6901FE1-99C4-4894-B614-15AF9C98C1B8}.Debug|Any CPU.ActiveCfg = Debug|Any CPU
		{F6901FE1-99C4-4894-B614-15AF9C98C1B8}.Debug|Any CPU.Build.0 = Debug|Any CPU
		{F6901FE1-99C4-4894-B614-15AF9C98C1B8}.Release|Any CPU.ActiveCfg = Release|Any CPU
		{F6901FE1-99C4-4894-B614-15AF9C98C1B8}.Release|Any CPU.Build.0 = Release|Any CPU
		{AEB9737B-FA24-46A7-9F9B-4DA513774D14}.Debug|Any CPU.ActiveCfg = Debug|Any CPU
		{AEB9737B-FA24-46A7-9F9B-4DA513774D14}.Debug|Any CPU.Build.0 = Debug|Any CPU
		{AEB9737B-FA24-46A7-9F9B-4DA513774D14}.Release|Any CPU.ActiveCfg = Release|Any CPU
		{AEB9737B-FA24-46A7-9F9B-4DA513774D14}.Release|Any CPU.Build.0 = Release|Any CPU
		{8354058A-F23E-4385-9675-818F5DBE8A47}.Debug|Any CPU.ActiveCfg = Debug|Any CPU
		{8354058A-F23E-4385-9675-818F5DBE8A47}.Debug|Any CPU.Build.0 = Debug|Any CPU
		{8354058A-F23E-4385-9675-818F5DBE8A47}.Release|Any CPU.ActiveCfg = Release|Any CPU
		{8354058A-F23E-4385-9675-818F5DBE8A47}.Release|Any CPU.Build.0 = Release|Any CPU
	EndGlobalSection
	GlobalSection(SolutionProperties) = preSolution
		HideSolutionNode = FALSE
	EndGlobalSection
	GlobalSection(NestedProjects) = preSolution
		{3BCFDBBA-1024-4085-9CA7-6C22F72D9897} = {892C2AD6-81E2-4427-A6AA-30763A5562C9}
		{7FF94E8D-3C82-466A-B87E-CA60C515B4C4} = {44C1471E-EC53-4AA3-B48C-B1B258FD63E4}
		{F6901FE1-99C4-4894-B614-15AF9C98C1B8} = {F701256F-3A98-40E8-AB55-ACE2CD370D1B}
		{AEB9737B-FA24-46A7-9F9B-4DA513774D14} = {2C16C474-32CE-45E5-A7B8-2DF27B01B0BE}
	EndGlobalSection
	GlobalSection(ExtensibilityGlobals) = postSolution
		SolutionGuid = {FB5216DF-1DDA-4736-9880-BC678B5892FB}
	EndGlobalSection
EndGlobal
